
Microsoft Visual Studio Solution File, Format Version 12.00
# Visual Studio Version 17
VisualStudioVersion = 17.8.34316.72
MinimumVisualStudioVersion = 10.0.40219.1
Project("{FAE04EC0-301F-11D3-BF4B-00C04F79EFBC}") = "LastTodoApp.Web", "LastTodoApp.Web\LastTodoApp.Web.csproj", "{5B3E7C99-F7B2-452A-891B-6C1129363DA7}"
EndProject
Project("{FAE04EC0-301F-11D3-BF4B-00C04F79EFBC}") = "LastTodoApp.DataContext", "LastTodoApp.DataContext\LastTodoApp.DataContext.csproj", "{DA471BAF-9167-4AD2-944C-D8AC71006EAC}"
EndProject
Project("{FAE04EC0-301F-11D3-BF4B-00C04F79EFBC}") = "LastTodoApp.Domain", "LastTodoApp.Domain\LastTodoApp.Domain.csproj", "{03D23660-2892-45F7-AE26-39FD5A736656}"
EndProject
Global
	GlobalSection(SolutionConfigurationPlatforms) = preSolution
		Debug|Any CPU = Debug|Any CPU
		Release|Any CPU = Release|Any CPU
	EndGlobalSection
	GlobalSection(ProjectConfigurationPlatforms) = postSolution
		{5B3E7C99-F7B2-452A-891B-6C1129363DA7}.Debug|Any CPU.ActiveCfg = Debug|Any CPU
		{5B3E7C99-F7B2-452A-891B-6C1129363DA7}.Debug|Any CPU.Build.0 = Debug|Any CPU
		{5B3E7C99-F7B2-452A-891B-6C1129363DA7}.Release|Any CPU.ActiveCfg = Release|Any CPU
		{5B3E7C99-F7B2-452A-891B-6C1129363DA7}.Release|Any CPU.Build.0 = Release|Any CPU
		{DA471BAF-9167-4AD2-944C-D8AC71006EAC}.Debug|Any CPU.ActiveCfg = Debug|Any CPU
		{DA471BAF-9167-4AD2-944C-D8AC71006EAC}.Debug|Any CPU.Build.0 = Debug|Any CPU
		{DA471BAF-9167-4AD2-944C-D8AC71006EAC}.Release|Any CPU.ActiveCfg = Release|Any CPU
		{DA471BAF-9167-4AD2-944C-D8AC71006EAC}.Release|Any CPU.Build.0 = Release|Any CPU
		{03D23660-2892-45F7-AE26-39FD5A736656}.Debug|Any CPU.ActiveCfg = Debug|Any CPU
		{03D23660-2892-45F7-AE26-39FD5A736656}.Debug|Any CPU.Build.0 = Debug|Any CPU
		{03D23660-2892-45F7-AE26-39FD5A736656}.Release|Any CPU.ActiveCfg = Release|Any CPU
		{03D23660-2892-45F7-AE26-39FD5A736656}.Release|Any CPU.Build.0 = Release|Any CPU
	EndGlobalSection
	GlobalSection(SolutionProperties) = preSolution
		HideSolutionNode = FALSE
	EndGlobalSection
	GlobalSection(ExtensibilityGlobals) = postSolution
		SolutionGuid = {1548DA82-EB83-4485-95A7-45F949F9C21B}
	EndGlobalSection
EndGlobal
